name: Update Cargo.lock

on:
    pull_request_target:

permissions:
    contents: write

jobs:
    update-cargo-lock:
        # TODO: Restore after testing: if: github.actor == 'dependabot[bot]'
        runs-on: ubuntu-latest
        timeout-minutes: 10

        steps:
            - name: Checkout
              uses: actions/checkout@9c091bb21b7c1c1d1991bb908d89e4e9dddfe3e0 # v7.0.0
              with:
                  submodules: true
                  ref: ${{ github.head_ref }}
                  token: ${{ secrets.GITHUB_TOKEN }}

            - name: Install Rust
              uses: dtolnay/rust-toolchain@e97e2d8cc328f1b50210efc529dca0028893a2d9 # v1
              with:
                  toolchain: stable
                  targets: x86_64-unknown-linux-gnu

            - name: Update Cargo.lock
              working-directory: rust
              run: cargo update --workspace

            - name: Check for changes
              id: check
              run: |
                  git add rust/Cargo.lock
                  if git diff --cached --quiet; then
                    echo "No changes to Cargo.lock"
                    echo "changed=false" >> "$GITHUB_OUTPUT"
                  else
                    echo "changed=true" >> "$GITHUB_OUTPUT"
                  fi

            - name: Commit and push changes
              if: steps.check.outputs.changed == 'true'
              run: |
                  git config user.name "github-actions[bot]"
                  git config user.email "41898282+github-actions[bot]@users.noreply.github.com"
                  git commit -m "chore(deps): update Cargo.lock"
                  git push
